// !$*UTF8*$!
{
	archiveVersion = 1;
	classes = {
	};
	objectVersion = 55;
	objects = {

/* Begin PBXBuildFile section */
		40516A452810445D00C1707F /* Secrets.swift in Sources */ = {isa = PBXBuildFile; fileRef = 40516A442810445D00C1707F /* Secrets.swift */; };
		40516A4A281063B700C1707F /* String+Extension.swift in Sources */ = {isa = PBXBuildFile; fileRef = 40516A49281063B700C1707F /* String+Extension.swift */; };
		40516A4C2810640A00C1707F /* Date+Extension.swift in Sources */ = {isa = PBXBuildFile; fileRef = 40516A4B2810640A00C1707F /* Date+Extension.swift */; };
		40516A5B2810978A00C1707F /* UIImage+Extension.swift in Sources */ = {isa = PBXBuildFile; fileRef = 40516A5A2810978A00C1707F /* UIImage+Extension.swift */; };
		40516A5E2810AC1000C1707F /* NotificationName+Extension.swift in Sources */ = {isa = PBXBuildFile; fileRef = 40516A5D2810AC1000C1707F /* NotificationName+Extension.swift */; };
		40516A602810AE4600C1707F /* CGFloat+Extension.swift in Sources */ = {isa = PBXBuildFile; fileRef = 40516A5F2810AE4600C1707F /* CGFloat+Extension.swift */; };
		4080A2D2280EE00B00AA2DAB /* AppDelegate.swift in Sources */ = {isa = PBXBuildFile; fileRef = 4080A2D1280EE00B00AA2DAB /* AppDelegate.swift */; };
		4080A2D4280EE00B00AA2DAB /* SceneDelegate.swift in Sources */ = {isa = PBXBuildFile; fileRef = 4080A2D3280EE00B00AA2DAB /* SceneDelegate.swift */; };
		4080A2D6280EE00B00AA2DAB /* HomeViewController.swift in Sources */ = {isa = PBXBuildFile; fileRef = 4080A2D5280EE00B00AA2DAB /* HomeViewController.swift */; };
		4080A2D9280EE00B00AA2DAB /* Main.storyboard in Resources */ = {isa = PBXBuildFile; fileRef = 4080A2D7280EE00B00AA2DAB /* Main.storyboard */; };
		4080A2DB280EE00F00AA2DAB /* Assets.xcassets in Resources */ = {isa = PBXBuildFile; fileRef = 4080A2DA280EE00F00AA2DAB /* Assets.xcassets */; };
		4080A2DE280EE00F00AA2DAB /* LaunchScreen.storyboard in Resources */ = {isa = PBXBuildFile; fileRef = 4080A2DC280EE00F00AA2DAB /* LaunchScreen.storyboard */; };
		4080A2F0280F1A9100AA2DAB /* Logger.swift in Sources */ = {isa = PBXBuildFile; fileRef = 4080A2EF280F1A9100AA2DAB /* Logger.swift */; };
		4080A2F2280F1B5600AA2DAB /* NibLoadable.swift in Sources */ = {isa = PBXBuildFile; fileRef = 4080A2F1280F1B5600AA2DAB /* NibLoadable.swift */; };
		4080A2F4280F1BC400AA2DAB /* Reusable.swift in Sources */ = {isa = PBXBuildFile; fileRef = 4080A2F3280F1BC400AA2DAB /* Reusable.swift */; };
		4080A2F6280F1DA900AA2DAB /* StoryboardLoadable.swift in Sources */ = {isa = PBXBuildFile; fileRef = 4080A2F5280F1DA900AA2DAB /* StoryboardLoadable.swift */; };
		4080A2F8280F240C00AA2DAB /* MainNavigator.swift in Sources */ = {isa = PBXBuildFile; fileRef = 4080A2F7280F240C00AA2DAB /* MainNavigator.swift */; };
		4080A2FB280F25A700AA2DAB /* AppNavigator.swift in Sources */ = {isa = PBXBuildFile; fileRef = 4080A2FA280F25A700AA2DAB /* AppNavigator.swift */; };
		4080A2FD280F291700AA2DAB /* MovieDetailViewController.swift in Sources */ = {isa = PBXBuildFile; fileRef = 4080A2FC280F291700AA2DAB /* MovieDetailViewController.swift */; };
		4080A2FF280F2E4100AA2DAB /* UITableView+Reusable.swift in Sources */ = {isa = PBXBuildFile; fileRef = 4080A2FE280F2E4100AA2DAB /* UITableView+Reusable.swift */; };
		4080A301280F2EB300AA2DAB /* UICollectionView+Reusable.swift in Sources */ = {isa = PBXBuildFile; fileRef = 4080A300280F2EB300AA2DAB /* UICollectionView+Reusable.swift */; };
		4080A30A280F524400AA2DAB /* UpcomingMovieTableViewCell.swift in Sources */ = {isa = PBXBuildFile; fileRef = 4080A308280F524400AA2DAB /* UpcomingMovieTableViewCell.swift */; };
		4080A30B280F524400AA2DAB /* UpcomingMovieTableViewCell.xib in Resources */ = {isa = PBXBuildFile; fileRef = 4080A309280F524400AA2DAB /* UpcomingMovieTableViewCell.xib */; };
		4080A30D280F628900AA2DAB /* UIView+Extension.swift in Sources */ = {isa = PBXBuildFile; fileRef = 4080A30C280F628900AA2DAB /* UIView+Extension.swift */; };
		4080A310280F6B0700AA2DAB /* NowPlayingMovieTableViewCell.swift in Sources */ = {isa = PBXBuildFile; fileRef = 4080A30E280F6B0700AA2DAB /* NowPlayingMovieTableViewCell.swift */; };
		4080A311280F6B0700AA2DAB /* NowPlayingMovieTableViewCell.xib in Resources */ = {isa = PBXBuildFile; fileRef = 4080A30F280F6B0700AA2DAB /* NowPlayingMovieTableViewCell.xib */; };
		4080A314280F6BF800AA2DAB /* NowPlayingMovieCollectionViewCell.swift in Sources */ = {isa = PBXBuildFile; fileRef = 4080A312280F6BF800AA2DAB /* NowPlayingMovieCollectionViewCell.swift */; };
		4080A315280F6BF800AA2DAB /* NowPlayingMovieCollectionViewCell.xib in Resources */ = {isa = PBXBuildFile; fileRef = 4080A313280F6BF800AA2DAB /* NowPlayingMovieCollectionViewCell.xib */; };
		40ADA145280FE76E00A9B97C /* NetworkManager.swift in Sources */ = {isa = PBXBuildFile; fileRef = 40ADA144280FE76E00A9B97C /* NetworkManager.swift */; };
		40ADA147280FE7C700A9B97C /* RemoteDataError.swift in Sources */ = {isa = PBXBuildFile; fileRef = 40ADA146280FE7C700A9B97C /* RemoteDataError.swift */; };
		40ADA149280FE80F00A9B97C /* CustomAlertPresentable.swift in Sources */ = {isa = PBXBuildFile; fileRef = 40ADA148280FE80F00A9B97C /* CustomAlertPresentable.swift */; };
		40ADA14B280FFA8900A9B97C /* ResponseData.swift in Sources */ = {isa = PBXBuildFile; fileRef = 40ADA14A280FFA8900A9B97C /* ResponseData.swift */; };
		40ADA14D280FFBF800A9B97C /* NertworkError.swift in Sources */ = {isa = PBXBuildFile; fileRef = 40ADA14C280FFBF800A9B97C /* NertworkError.swift */; };
		40B4A4572811295D0070AF34 /* DeviceHelper.swift in Sources */ = {isa = PBXBuildFile; fileRef = 40B4A4562811295D0070AF34 /* DeviceHelper.swift */; };
		40B4A45B2811375F0070AF34 /* ImageMovieDetailCell.swift in Sources */ = {isa = PBXBuildFile; fileRef = 40B4A4592811375F0070AF34 /* ImageMovieDetailCell.swift */; };
		40B4A45C2811375F0070AF34 /* ImageMovieDetailCell.xib in Resources */ = {isa = PBXBuildFile; fileRef = 40B4A45A2811375F0070AF34 /* ImageMovieDetailCell.xib */; };
		40B4A45F2811377F0070AF34 /* IMDBMovieDetailCell.swift in Sources */ = {isa = PBXBuildFile; fileRef = 40B4A45D2811377F0070AF34 /* IMDBMovieDetailCell.swift */; };
		40B4A4602811377F0070AF34 /* IMDBMovieDetailCell.xib in Resources */ = {isa = PBXBuildFile; fileRef = 40B4A45E2811377F0070AF34 /* IMDBMovieDetailCell.xib */; };
		40B4A463281137C20070AF34 /* OverviewMovieDetailCell.swift in Sources */ = {isa = PBXBuildFile; fileRef = 40B4A461281137C20070AF34 /* OverviewMovieDetailCell.swift */; };
		40B4A464281137C20070AF34 /* OverviewMovieDetailCell.xib in Resources */ = {isa = PBXBuildFile; fileRef = 40B4A462281137C20070AF34 /* OverviewMovieDetailCell.xib */; };
		40B9E5ED281008EB005E7E2E /* Endpoint+Enum.swift in Sources */ = {isa = PBXBuildFile; fileRef = 40B9E5EC281008EB005E7E2E /* Endpoint+Enum.swift */; };
		40B9E5EF28102C09005E7E2E /* RemoteMovieData.swift in Sources */ = {isa = PBXBuildFile; fileRef = 40B9E5EE28102C09005E7E2E /* RemoteMovieData.swift */; };
		9E9288BE137426F53024FA81 /* Pods_Movielium.framework in Frameworks */ = {isa = PBXBuildFile; fileRef = 5079B2313AA7EEB3DAA57291 /* Pods_Movielium.framework */; };
/* End PBXBuildFile section */

/* Begin PBXFileReference section */
		40516A442810445D00C1707F /* Secrets.swift */ = {isa = PBXFileReference; lastKnownFileType = sourcecode.swift; path = Secrets.swift; sourceTree = "<group>"; };
		40516A49281063B700C1707F /* String+Extension.swift */ = {isa = PBXFileReference; lastKnownFileType = sourcecode.swift; path = "String+Extension.swift"; sourceTree = "<group>"; };
		40516A4B2810640A00C1707F /* Date+Extension.swift */ = {isa = PBXFileReference; lastKnownFileType = sourcecode.swift; path = "Date+Extension.swift"; sourceTree = "<group>"; };
		40516A5A2810978A00C1707F /* UIImage+Extension.swift */ = {isa = PBXFileReference; lastKnownFileType = sourcecode.swift; path = "UIImage+Extension.swift"; sourceTree = "<group>"; };
		40516A5D2810AC1000C1707F /* NotificationName+Extension.swift */ = {isa = PBXFileReference; lastKnownFileType = sourcecode.swift; path = "NotificationName+Extension.swift"; sourceTree = "<group>"; };
		40516A5F2810AE4600C1707F /* CGFloat+Extension.swift */ = {isa = PBXFileReference; lastKnownFileType = sourcecode.swift; path = "CGFloat+Extension.swift"; sourceTree = "<group>"; };
		4080A2CE280EE00B00AA2DAB /* Movielium.app */ = {isa = PBXFileReference; explicitFileType = wrapper.application; includeInIndex = 0; path = Movielium.app; sourceTree = BUILT_PRODUCTS_DIR; };
		4080A2D1280EE00B00AA2DAB /* AppDelegate.swift */ = {isa = PBXFileReference; lastKnownFileType = sourcecode.swift; path = AppDelegate.swift; sourceTree = "<group>"; };
		4080A2D3280EE00B00AA2DAB /* SceneDelegate.swift */ = {isa = PBXFileReference; lastKnownFileType = sourcecode.swift; path = SceneDelegate.swift; sourceTree = "<group>"; };
		4080A2D5280EE00B00AA2DAB /* HomeViewController.swift */ = {isa = PBXFileReference; lastKnownFileType = sourcecode.swift; path = HomeViewController.swift; sourceTree = "<group>"; };
		4080A2D8280EE00B00AA2DAB /* Base */ = {isa = PBXFileReference; lastKnownFileType = file.storyboard; name = Base; path = Base.lproj/Main.storyboard; sourceTree = "<group>"; };
		4080A2DA280EE00F00AA2DAB /* Assets.xcassets */ = {isa = PBXFileReference; lastKnownFileType = folder.assetcatalog; path = Assets.xcassets; sourceTree = "<group>"; };
		4080A2DD280EE00F00AA2DAB /* Base */ = {isa = PBXFileReference; lastKnownFileType = file.storyboard; name = Base; path = Base.lproj/LaunchScreen.storyboard; sourceTree = "<group>"; };
		4080A2DF280EE00F00AA2DAB /* Info.plist */ = {isa = PBXFileReference; lastKnownFileType = text.plist.xml; path = Info.plist; sourceTree = "<group>"; };
		4080A2EF280F1A9100AA2DAB /* Logger.swift */ = {isa = PBXFileReference; lastKnownFileType = sourcecode.swift; path = Logger.swift; sourceTree = "<group>"; };
		4080A2F1280F1B5600AA2DAB /* NibLoadable.swift */ = {isa = PBXFileReference; lastKnownFileType = sourcecode.swift; path = NibLoadable.swift; sourceTree = "<group>"; };
		4080A2F3280F1BC400AA2DAB /* Reusable.swift */ = {isa = PBXFileReference; lastKnownFileType = sourcecode.swift; path = Reusable.swift; sourceTree = "<group>"; };
		4080A2F5280F1DA900AA2DAB /* StoryboardLoadable.swift */ = {isa = PBXFileReference; lastKnownFileType = sourcecode.swift; path = StoryboardLoadable.swift; sourceTree = "<group>"; };
		4080A2F7280F240C00AA2DAB /* MainNavigator.swift */ = {isa = PBXFileReference; lastKnownFileType = sourcecode.swift; path = MainNavigator.swift; sourceTree = "<group>"; };
		4080A2FA280F25A700AA2DAB /* AppNavigator.swift */ = {isa = PBXFileReference; lastKnownFileType = sourcecode.swift; path = AppNavigator.swift; sourceTree = "<group>"; };
		4080A2FC280F291700AA2DAB /* MovieDetailViewController.swift */ = {isa = PBXFileReference; lastKnownFileType = sourcecode.swift; path = MovieDetailViewController.swift; sourceTree = "<group>"; };
		4080A2FE280F2E4100AA2DAB /* UITableView+Reusable.swift */ = {isa = PBXFileReference; lastKnownFileType = sourcecode.swift; path = "UITableView+Reusable.swift"; sourceTree = "<group>"; };
		4080A300280F2EB300AA2DAB /* UICollectionView+Reusable.swift */ = {isa = PBXFileReference; lastKnownFileType = sourcecode.swift; path = "UICollectionView+Reusable.swift"; sourceTree = "<group>"; };
		4080A308280F524400AA2DAB /* UpcomingMovieTableViewCell.swift */ = {isa = PBXFileReference; lastKnownFileType = sourcecode.swift; path = UpcomingMovieTableViewCell.swift; sourceTree = "<group>"; };
		4080A309280F524400AA2DAB /* UpcomingMovieTableViewCell.xib */ = {isa = PBXFileReference; lastKnownFileType = file.xib; path = UpcomingMovieTableViewCell.xib; sourceTree = "<group>"; };
		4080A30C280F628900AA2DAB /* UIView+Extension.swift */ = {isa = PBXFileReference; lastKnownFileType = sourcecode.swift; path = "UIView+Extension.swift"; sourceTree = "<group>"; };
		4080A30E280F6B0700AA2DAB /* NowPlayingMovieTableViewCell.swift */ = {isa = PBXFileReference; lastKnownFileType = sourcecode.swift; path = NowPlayingMovieTableViewCell.swift; sourceTree = "<group>"; };
		4080A30F280F6B0700AA2DAB /* NowPlayingMovieTableViewCell.xib */ = {isa = PBXFileReference; lastKnownFileType = file.xib; path = NowPlayingMovieTableViewCell.xib; sourceTree = "<group>"; };
		4080A312280F6BF800AA2DAB /* NowPlayingMovieCollectionViewCell.swift */ = {isa = PBXFileReference; lastKnownFileType = sourcecode.swift; path = NowPlayingMovieCollectionViewCell.swift; sourceTree = "<group>"; };
		4080A313280F6BF800AA2DAB /* NowPlayingMovieCollectionViewCell.xib */ = {isa = PBXFileReference; lastKnownFileType = file.xib; path = NowPlayingMovieCollectionViewCell.xib; sourceTree = "<group>"; };
		40ADA144280FE76E00A9B97C /* NetworkManager.swift */ = {isa = PBXFileReference; lastKnownFileType = sourcecode.swift; path = NetworkManager.swift; sourceTree = "<group>"; };
		40ADA146280FE7C700A9B97C /* RemoteDataError.swift */ = {isa = PBXFileReference; lastKnownFileType = sourcecode.swift; path = RemoteDataError.swift; sourceTree = "<group>"; };
		40ADA148280FE80F00A9B97C /* CustomAlertPresentable.swift */ = {isa = PBXFileReference; lastKnownFileType = sourcecode.swift; path = CustomAlertPresentable.swift; sourceTree = "<group>"; };
		40ADA14A280FFA8900A9B97C /* ResponseData.swift */ = {isa = PBXFileReference; lastKnownFileType = sourcecode.swift; path = ResponseData.swift; sourceTree = "<group>"; };
		40ADA14C280FFBF800A9B97C /* NertworkError.swift */ = {isa = PBXFileReference; lastKnownFileType = sourcecode.swift; path = NertworkError.swift; sourceTree = "<group>"; };
		40B4A4562811295D0070AF34 /* DeviceHelper.swift */ = {isa = PBXFileReference; lastKnownFileType = sourcecode.swift; path = DeviceHelper.swift; sourceTree = "<group>"; };
		40B4A4592811375F0070AF34 /* ImageMovieDetailCell.swift */ = {isa = PBXFileReference; lastKnownFileType = sourcecode.swift; path = ImageMovieDetailCell.swift; sourceTree = "<group>"; };
		40B4A45A2811375F0070AF34 /* ImageMovieDetailCell.xib */ = {isa = PBXFileReference; lastKnownFileType = file.xib; path = ImageMovieDetailCell.xib; sourceTree = "<group>"; };
		40B4A45D2811377F0070AF34 /* IMDBMovieDetailCell.swift */ = {isa = PBXFileReference; lastKnownFileType = sourcecode.swift; path = IMDBMovieDetailCell.swift; sourceTree = "<group>"; };
		40B4A45E2811377F0070AF34 /* IMDBMovieDetailCell.xib */ = {isa = PBXFileReference; lastKnownFileType = file.xib; path = IMDBMovieDetailCell.xib; sourceTree = "<group>"; };
		40B4A461281137C20070AF34 /* OverviewMovieDetailCell.swift */ = {isa = PBXFileReference; lastKnownFileType = sourcecode.swift; path = OverviewMovieDetailCell.swift; sourceTree = "<group>"; };
		40B4A462281137C20070AF34 /* OverviewMovieDetailCell.xib */ = {isa = PBXFileReference; lastKnownFileType = file.xib; path = OverviewMovieDetailCell.xib; sourceTree = "<group>"; };
		40B9E5EC281008EB005E7E2E /* Endpoint+Enum.swift */ = {isa = PBXFileReference; lastKnownFileType = sourcecode.swift; path = "Endpoint+Enum.swift"; sourceTree = "<group>"; };
		40B9E5EE28102C09005E7E2E /* RemoteMovieData.swift */ = {isa = PBXFileReference; lastKnownFileType = sourcecode.swift; path = RemoteMovieData.swift; sourceTree = "<group>"; };
		41F09B13EE1172D38B1E6F46 /* Pods-Movielium.debug.xcconfig */ = {isa = PBXFileReference; includeInIndex = 1; lastKnownFileType = text.xcconfig; name = "Pods-Movielium.debug.xcconfig"; path = "Target Support Files/Pods-Movielium/Pods-Movielium.debug.xcconfig"; sourceTree = "<group>"; };
		5079B2313AA7EEB3DAA57291 /* Pods_Movielium.framework */ = {isa = PBXFileReference; explicitFileType = wrapper.framework; includeInIndex = 0; path = Pods_Movielium.framework; sourceTree = BUILT_PRODUCTS_DIR; };
		7E8B6326041F9113D6F15763 /* Pods-Movielium.release.xcconfig */ = {isa = PBXFileReference; includeInIndex = 1; lastKnownFileType = text.xcconfig; name = "Pods-Movielium.release.xcconfig"; path = "Target Support Files/Pods-Movielium/Pods-Movielium.release.xcconfig"; sourceTree = "<group>"; };
/* End PBXFileReference section */

/* Begin PBXFrameworksBuildPhase section */
		4080A2CB280EE00B00AA2DAB /* Frameworks */ = {
			isa = PBXFrameworksBuildPhase;
			buildActionMask = 2147483647;
			files = (
				9E9288BE137426F53024FA81 /* Pods_Movielium.framework in Frameworks */,
			);
			runOnlyForDeploymentPostprocessing = 0;
		};
/* End PBXFrameworksBuildPhase section */

/* Begin PBXGroup section */
		140CD878DE3E3060F60F59A8 /* Frameworks */ = {
			isa = PBXGroup;
			children = (
				5079B2313AA7EEB3DAA57291 /* Pods_Movielium.framework */,
			);
			name = Frameworks;
			sourceTree = "<group>";
		};
		40516A43281042C700C1707F /* Secrets */ = {
			isa = PBXGroup;
			children = (
				40516A442810445D00C1707F /* Secrets.swift */,
			);
			path = Secrets;
			sourceTree = "<group>";
		};
		40516A5C2810982700C1707F /* Resources */ = {
			isa = PBXGroup;
			children = (
				4080A2DA280EE00F00AA2DAB /* Assets.xcassets */,
			);
			path = Resources;
			sourceTree = "<group>";
		};
		4080A2C5280EE00B00AA2DAB = {
			isa = PBXGroup;
			children = (
				4080A2D0280EE00B00AA2DAB /* Movielium */,
				4080A2CF280EE00B00AA2DAB /* Products */,
				A3E86D2E6DC17263F56B3BA3 /* Pods */,
				140CD878DE3E3060F60F59A8 /* Frameworks */,
			);
			sourceTree = "<group>";
		};
		4080A2CF280EE00B00AA2DAB /* Products */ = {
			isa = PBXGroup;
			children = (
				4080A2CE280EE00B00AA2DAB /* Movielium.app */,
			);
			name = Products;
			sourceTree = "<group>";
		};
		4080A2D0280EE00B00AA2DAB /* Movielium */ = {
			isa = PBXGroup;
			children = (
				4080A2DF280EE00F00AA2DAB /* Info.plist */,
				40516A43281042C700C1707F /* Secrets */,
				4080A2EA280F18D700AA2DAB /* Common */,
				4080A2E9280F18C400AA2DAB /* Utilities */,
				4080A2E8280F18BB00AA2DAB /* Models */,
				4080A2E7280F18AB00AA2DAB /* Services */,
				4080A2E6280F189A00AA2DAB /* Views */,
				4080A2E5280F187100AA2DAB /* Controllers */,
				40516A5C2810982700C1707F /* Resources */,
			);
			path = Movielium;
			sourceTree = "<group>";
		};
		4080A2E5280F187100AA2DAB /* Controllers */ = {
			isa = PBXGroup;
			children = (
				4080A2D5280EE00B00AA2DAB /* HomeViewController.swift */,
				4080A2FC280F291700AA2DAB /* MovieDetailViewController.swift */,
			);
			path = Controllers;
			sourceTree = "<group>";
		};
		4080A2E6280F189A00AA2DAB /* Views */ = {
			isa = PBXGroup;
			children = (
				4080A302280F49C100AA2DAB /* Storyboards */,
				4080A303280F4A6B00AA2DAB /* Cells */,
			);
			path = Views;
			sourceTree = "<group>";
		};
		4080A2E7280F18AB00AA2DAB /* Services */ = {
			isa = PBXGroup;
			children = (
				40ADA144280FE76E00A9B97C /* NetworkManager.swift */,
				40ADA14E2810004700A9B97C /* Error Handling */,
			);
			path = Services;
			sourceTree = "<group>";
		};
		4080A2E8280F18BB00AA2DAB /* Models */ = {
			isa = PBXGroup;
			children = (
				40B9E5EE28102C09005E7E2E /* RemoteMovieData.swift */,
				40ADA14A280FFA8900A9B97C /* ResponseData.swift */,
				40B9E5EC281008EB005E7E2E /* Endpoint+Enum.swift */,
			);
			path = Models;
			sourceTree = "<group>";
		};
		4080A2E9280F18C400AA2DAB /* Utilities */ = {
			isa = PBXGroup;
			children = (
				4080A2ED280F194C00AA2DAB /* Logger */,
				4080A2EE280F19C200AA2DAB /* Helpers */,
				4080A2EC280F194000AA2DAB /* Extensions */,
				4080A2F9280F258E00AA2DAB /* Navigator */,
				4080A2EB280F193800AA2DAB /* Protocol */,
			);
			path = Utilities;
			sourceTree = "<group>";
		};
		4080A2EA280F18D700AA2DAB /* Common */ = {
			isa = PBXGroup;
			children = (
				4080A2D1280EE00B00AA2DAB /* AppDelegate.swift */,
				4080A2D3280EE00B00AA2DAB /* SceneDelegate.swift */,
			);
			path = Common;
			sourceTree = "<group>";
		};
		4080A2EB280F193800AA2DAB /* Protocol */ = {
			isa = PBXGroup;
			children = (
				4080A2F1280F1B5600AA2DAB /* NibLoadable.swift */,
				4080A2F3280F1BC400AA2DAB /* Reusable.swift */,
				4080A2F5280F1DA900AA2DAB /* StoryboardLoadable.swift */,
				4080A2F7280F240C00AA2DAB /* MainNavigator.swift */,
			);
			path = Protocol;
			sourceTree = "<group>";
		};
		4080A2EC280F194000AA2DAB /* Extensions */ = {
			isa = PBXGroup;
			children = (
				4080A30C280F628900AA2DAB /* UIView+Extension.swift */,
				4080A2FE280F2E4100AA2DAB /* UITableView+Reusable.swift */,
				4080A300280F2EB300AA2DAB /* UICollectionView+Reusable.swift */,
				40516A49281063B700C1707F /* String+Extension.swift */,
				40516A4B2810640A00C1707F /* Date+Extension.swift */,
				40516A5A2810978A00C1707F /* UIImage+Extension.swift */,
				40516A5D2810AC1000C1707F /* NotificationName+Extension.swift */,
				40516A5F2810AE4600C1707F /* CGFloat+Extension.swift */,
			);
			path = Extensions;
			sourceTree = "<group>";
		};
		4080A2ED280F194C00AA2DAB /* Logger */ = {
			isa = PBXGroup;
			children = (
				4080A2EF280F1A9100AA2DAB /* Logger.swift */,
			);
			path = Logger;
			sourceTree = "<group>";
		};
		4080A2EE280F19C200AA2DAB /* Helpers */ = {
			isa = PBXGroup;
			children = (
				40B4A4562811295D0070AF34 /* DeviceHelper.swift */,
			);
			path = Helpers;
			sourceTree = "<group>";
		};
		4080A2F9280F258E00AA2DAB /* Navigator */ = {
			isa = PBXGroup;
			children = (
				4080A2FA280F25A700AA2DAB /* AppNavigator.swift */,
			);
			path = Navigator;
			sourceTree = "<group>";
		};
		4080A302280F49C100AA2DAB /* Storyboards */ = {
			isa = PBXGroup;
			children = (
				4080A2DC280EE00F00AA2DAB /* LaunchScreen.storyboard */,
				4080A2D7280EE00B00AA2DAB /* Main.storyboard */,
			);
			path = Storyboards;
			sourceTree = "<group>";
		};
		4080A303280F4A6B00AA2DAB /* Cells */ = {
			isa = PBXGroup;
			children = (
				4080A316280F71F700AA2DAB /* Home Screen */,
				40B4A458281136AE0070AF34 /* Movie Detail Screen */,
			);
			path = Cells;
			sourceTree = "<group>";
		};
		4080A316280F71F700AA2DAB /* Home Screen */ = {
			isa = PBXGroup;
			children = (
				4080A30E280F6B0700AA2DAB /* NowPlayingMovieTableViewCell.swift */,
				4080A30F280F6B0700AA2DAB /* NowPlayingMovieTableViewCell.xib */,
				4080A312280F6BF800AA2DAB /* NowPlayingMovieCollectionViewCell.swift */,
				4080A313280F6BF800AA2DAB /* NowPlayingMovieCollectionViewCell.xib */,
				4080A308280F524400AA2DAB /* UpcomingMovieTableViewCell.swift */,
				4080A309280F524400AA2DAB /* UpcomingMovieTableViewCell.xib */,
			);
			path = "Home Screen";
			sourceTree = "<group>";
		};
		40ADA14E2810004700A9B97C /* Error Handling */ = {
			isa = PBXGroup;
			children = (
				40ADA146280FE7C700A9B97C /* RemoteDataError.swift */,
				40ADA14C280FFBF800A9B97C /* NertworkError.swift */,
				40ADA148280FE80F00A9B97C /* CustomAlertPresentable.swift */,
			);
			path = "Error Handling";
			sourceTree = "<group>";
		};
		40B4A458281136AE0070AF34 /* Movie Detail Screen */ = {
			isa = PBXGroup;
			children = (
				40B4A4592811375F0070AF34 /* ImageMovieDetailCell.swift */,
				40B4A45A2811375F0070AF34 /* ImageMovieDetailCell.xib */,
				40B4A45D2811377F0070AF34 /* IMDBMovieDetailCell.swift */,
				40B4A45E2811377F0070AF34 /* IMDBMovieDetailCell.xib */,
				40B4A461281137C20070AF34 /* OverviewMovieDetailCell.swift */,
				40B4A462281137C20070AF34 /* OverviewMovieDetailCell.xib */,
			);
			path = "Movie Detail Screen";
			sourceTree = "<group>";
		};
		A3E86D2E6DC17263F56B3BA3 /* Pods */ = {
			isa = PBXGroup;
			children = (
				41F09B13EE1172D38B1E6F46 /* Pods-Movielium.debug.xcconfig */,
				7E8B6326041F9113D6F15763 /* Pods-Movielium.release.xcconfig */,
			);
			path = Pods;
			sourceTree = "<group>";
		};
/* End PBXGroup section */

/* Begin PBXNativeTarget section */
		4080A2CD280EE00B00AA2DAB /* Movielium */ = {
			isa = PBXNativeTarget;
			buildConfigurationList = 4080A2E2280EE00F00AA2DAB /* Build configuration list for PBXNativeTarget "Movielium" */;
			buildPhases = (
				59964CE1D5420A81CE843CEA /* [CP] Check Pods Manifest.lock */,
				4080A2CA280EE00B00AA2DAB /* Sources */,
				4080A2CB280EE00B00AA2DAB /* Frameworks */,
				4080A2CC280EE00B00AA2DAB /* Resources */,
				CA130BDA883C0E5291C15275 /* [CP] Embed Pods Frameworks */,
			);
			buildRules = (
			);
			dependencies = (
			);
			name = Movielium;
			productName = Movielium;
			productReference = 4080A2CE280EE00B00AA2DAB /* Movielium.app */;
			productType = "com.apple.product-type.application";
		};
/* End PBXNativeTarget section */

/* Begin PBXProject section */
		4080A2C6280EE00B00AA2DAB /* Project object */ = {
			isa = PBXProject;
			attributes = {
				BuildIndependentTargetsInParallel = 1;
				LastSwiftUpdateCheck = 1330;
				LastUpgradeCheck = 1330;
				ORGANIZATIONNAME = "Nazmi Yavuz";
				TargetAttributes = {
					4080A2CD280EE00B00AA2DAB = {
						CreatedOnToolsVersion = 13.3.1;
					};
				};
			};
			buildConfigurationList = 4080A2C9280EE00B00AA2DAB /* Build configuration list for PBXProject "Movielium" */;
			compatibilityVersion = "Xcode 13.0";
			developmentRegion = en;
			hasScannedForEncodings = 0;
			knownRegions = (
				en,
				Base,
			);
			mainGroup = 4080A2C5280EE00B00AA2DAB;
			productRefGroup = 4080A2CF280EE00B00AA2DAB /* Products */;
			projectDirPath = "";
			projectRoot = "";
			targets = (
				4080A2CD280EE00B00AA2DAB /* Movielium */,
			);
		};
/* End PBXProject section */

/* Begin PBXResourcesBuildPhase section */
		4080A2CC280EE00B00AA2DAB /* Resources */ = {
			isa = PBXResourcesBuildPhase;
			buildActionMask = 2147483647;
			files = (
				40B4A464281137C20070AF34 /* OverviewMovieDetailCell.xib in Resources */,
				40B4A45C2811375F0070AF34 /* ImageMovieDetailCell.xib in Resources */,
				4080A2DE280EE00F00AA2DAB /* LaunchScreen.storyboard in Resources */,
				4080A315280F6BF800AA2DAB /* NowPlayingMovieCollectionViewCell.xib in Resources */,
				4080A311280F6B0700AA2DAB /* NowPlayingMovieTableViewCell.xib in Resources */,
				4080A2DB280EE00F00AA2DAB /* Assets.xcassets in Resources */,
				4080A30B280F524400AA2DAB /* UpcomingMovieTableViewCell.xib in Resources */,
				4080A2D9280EE00B00AA2DAB /* Main.storyboard in Resources */,
				40B4A4602811377F0070AF34 /* IMDBMovieDetailCell.xib in Resources */,
			);
			runOnlyForDeploymentPostprocessing = 0;
		};
/* End PBXResourcesBuildPhase section */

/* Begin PBXShellScriptBuildPhase section */
		59964CE1D5420A81CE843CEA /* [CP] Check Pods Manifest.lock */ = {
			isa = PBXShellScriptBuildPhase;
			buildActionMask = 2147483647;
			files = (
			);
			inputFileListPaths = (
			);
			inputPaths = (
				"${PODS_PODFILE_DIR_PATH}/Podfile.lock",
				"${PODS_ROOT}/Manifest.lock",
			);
			name = "[CP] Check Pods Manifest.lock";
			outputFileListPaths = (
			);
			outputPaths = (
				"$(DERIVED_FILE_DIR)/Pods-Movielium-checkManifestLockResult.txt",
			);
			runOnlyForDeploymentPostprocessing = 0;
			shellPath = /bin/sh;
			shellScript = "diff \"${PODS_PODFILE_DIR_PATH}/Podfile.lock\" \"${PODS_ROOT}/Manifest.lock\" > /dev/null\nif [ $? != 0 ] ; then\n    # print error to STDERR\n    echo \"error: The sandbox is not in sync with the Podfile.lock. Run 'pod install' or update your CocoaPods installation.\" >&2\n    exit 1\nfi\n# This output is used by Xcode 'outputs' to avoid re-running this script phase.\necho \"SUCCESS\" > \"${SCRIPT_OUTPUT_FILE_0}\"\n";
			showEnvVarsInLog = 0;
		};
		CA130BDA883C0E5291C15275 /* [CP] Embed Pods Frameworks */ = {
			isa = PBXShellScriptBuildPhase;
			buildActionMask = 2147483647;
			files = (
			);
			inputFileListPaths = (
				"${PODS_ROOT}/Target Support Files/Pods-Movielium/Pods-Movielium-frameworks-${CONFIGURATION}-input-files.xcfilelist",
			);
			name = "[CP] Embed Pods Frameworks";
			outputFileListPaths = (
				"${PODS_ROOT}/Target Support Files/Pods-Movielium/Pods-Movielium-frameworks-${CONFIGURATION}-output-files.xcfilelist",
			);
			runOnlyForDeploymentPostprocessing = 0;
			shellPath = /bin/sh;
			shellScript = "\"${PODS_ROOT}/Target Support Files/Pods-Movielium/Pods-Movielium-frameworks.sh\"\n";
			showEnvVarsInLog = 0;
		};
/* End PBXShellScriptBuildPhase section */

/* Begin PBXSourcesBuildPhase section */
		4080A2CA280EE00B00AA2DAB /* Sources */ = {
			isa = PBXSourcesBuildPhase;
			buildActionMask = 2147483647;
			files = (
				4080A2F4280F1BC400AA2DAB /* Reusable.swift in Sources */,
				40B4A45B2811375F0070AF34 /* ImageMovieDetailCell.swift in Sources */,
				40516A452810445D00C1707F /* Secrets.swift in Sources */,
				40B4A45F2811377F0070AF34 /* IMDBMovieDetailCell.swift in Sources */,
				40B9E5EF28102C09005E7E2E /* RemoteMovieData.swift in Sources */,
				40B9E5ED281008EB005E7E2E /* Endpoint+Enum.swift in Sources */,
				4080A314280F6BF800AA2DAB /* NowPlayingMovieCollectionViewCell.swift in Sources */,
				40516A602810AE4600C1707F /* CGFloat+Extension.swift in Sources */,
				40ADA14B280FFA8900A9B97C /* ResponseData.swift in Sources */,
				40B4A4572811295D0070AF34 /* DeviceHelper.swift in Sources */,
				40ADA14D280FFBF800A9B97C /* NertworkError.swift in Sources */,
				4080A2D6280EE00B00AA2DAB /* HomeViewController.swift in Sources */,
				40516A4A281063B700C1707F /* String+Extension.swift in Sources */,
				4080A301280F2EB300AA2DAB /* UICollectionView+Reusable.swift in Sources */,
				4080A2FB280F25A700AA2DAB /* AppNavigator.swift in Sources */,
				4080A310280F6B0700AA2DAB /* NowPlayingMovieTableViewCell.swift in Sources */,
				40ADA149280FE80F00A9B97C /* CustomAlertPresentable.swift in Sources */,
				4080A30A280F524400AA2DAB /* UpcomingMovieTableViewCell.swift in Sources */,
				4080A2FF280F2E4100AA2DAB /* UITableView+Reusable.swift in Sources */,
				40516A4C2810640A00C1707F /* Date+Extension.swift in Sources */,
				4080A2F6280F1DA900AA2DAB /* StoryboardLoadable.swift in Sources */,
				4080A2D2280EE00B00AA2DAB /* AppDelegate.swift in Sources */,
				40ADA147280FE7C700A9B97C /* RemoteDataError.swift in Sources */,
				40ADA145280FE76E00A9B97C /* NetworkManager.swift in Sources */,
				4080A30D280F628900AA2DAB /* UIView+Extension.swift in Sources */,
				40516A5B2810978A00C1707F /* UIImage+Extension.swift in Sources */,
				40516A5E2810AC1000C1707F /* NotificationName+Extension.swift in Sources */,
				4080A2D4280EE00B00AA2DAB /* SceneDelegate.swift in Sources */,
				4080A2FD280F291700AA2DAB /* MovieDetailViewController.swift in Sources */,
				4080A2F2280F1B5600AA2DAB /* NibLoadable.swift in Sources */,
				4080A2F8280F240C00AA2DAB /* MainNavigator.swift in Sources */,
				40B4A463281137C20070AF34 /* OverviewMovieDetailCell.swift in Sources */,
				4080A2F0280F1A9100AA2DAB /* Logger.swift in Sources */,
			);
			runOnlyForDeploymentPostprocessing = 0;
		};
/* End PBXSourcesBuildPhase section */

/* Begin PBXVariantGroup section */
		4080A2D7280EE00B00AA2DAB /* Main.storyboard */ = {
			isa = PBXVariantGroup;
			children = (
				4080A2D8280EE00B00AA2DAB /* Base */,
			);
			name = Main.storyboard;
			sourceTree = "<group>";
		};
		4080A2DC280EE00F00AA2DAB /* LaunchScreen.storyboard */ = {
			isa = PBXVariantGroup;
			children = (
				4080A2DD280EE00F00AA2DAB /* Base */,
			);
			name = LaunchScreen.storyboard;
			sourceTree = "<group>";
		};
/* End PBXVariantGroup section */

/* Begin XCBuildConfiguration section */
		4080A2E0280EE00F00AA2DAB /* Debug */ = {
			isa = XCBuildConfiguration;
			buildSettings = {
				ALWAYS_SEARCH_USER_PATHS = NO;
				CLANG_ANALYZER_NONNULL = YES;
				CLANG_ANALYZER_NUMBER_OBJECT_CONVERSION = YES_AGGRESSIVE;
				CLANG_CXX_LANGUAGE_STANDARD = "gnu++17";
				CLANG_ENABLE_MODULES = YES;
				CLANG_ENABLE_OBJC_ARC = YES;
				CLANG_ENABLE_OBJC_WEAK = YES;
				CLANG_WARN_BLOCK_CAPTURE_AUTORELEASING = YES;
				CLANG_WARN_BOOL_CONVERSION = YES;
				CLANG_WARN_COMMA = YES;
				CLANG_WARN_CONSTANT_CONVERSION = YES;
				CLANG_WARN_DEPRECATED_OBJC_IMPLEMENTATIONS = YES;
				CLANG_WARN_DIRECT_OBJC_ISA_USAGE = YES_ERROR;
				CLANG_WARN_DOCUMENTATION_COMMENTS = YES;
				CLANG_WARN_EMPTY_BODY = YES;
				CLANG_WARN_ENUM_CONVERSION = YES;
				CLANG_WARN_INFINITE_RECURSION = YES;
				CLANG_WARN_INT_CONVERSION = YES;
				CLANG_WARN_NON_LITERAL_NULL_CONVERSION = YES;
				CLANG_WARN_OBJC_IMPLICIT_RETAIN_SELF = YES;
				CLANG_WARN_OBJC_LITERAL_CONVERSION = YES;
				CLANG_WARN_OBJC_ROOT_CLASS = YES_ERROR;
				CLANG_WARN_QUOTED_INCLUDE_IN_FRAMEWORK_HEADER = YES;
				CLANG_WARN_RANGE_LOOP_ANALYSIS = YES;
				CLANG_WARN_STRICT_PROTOTYPES = YES;
				CLANG_WARN_SUSPICIOUS_MOVE = YES;
				CLANG_WARN_UNGUARDED_AVAILABILITY = YES_AGGRESSIVE;
				CLANG_WARN_UNREACHABLE_CODE = YES;
				CLANG_WARN__DUPLICATE_METHOD_MATCH = YES;
				COPY_PHASE_STRIP = NO;
				DEBUG_INFORMATION_FORMAT = dwarf;
				ENABLE_STRICT_OBJC_MSGSEND = YES;
				ENABLE_TESTABILITY = YES;
				GCC_C_LANGUAGE_STANDARD = gnu11;
				GCC_DYNAMIC_NO_PIC = NO;
				GCC_NO_COMMON_BLOCKS = YES;
				GCC_OPTIMIZATION_LEVEL = 0;
				GCC_PREPROCESSOR_DEFINITIONS = (
					"DEBUG=1",
					"$(inherited)",
				);
				GCC_WARN_64_TO_32_BIT_CONVERSION = YES;
				GCC_WARN_ABOUT_RETURN_TYPE = YES_ERROR;
				GCC_WARN_UNDECLARED_SELECTOR = YES;
				GCC_WARN_UNINITIALIZED_AUTOS = YES_AGGRESSIVE;
				GCC_WARN_UNUSED_FUNCTION = YES;
				GCC_WARN_UNUSED_VARIABLE = YES;
				IPHONEOS_DEPLOYMENT_TARGET = 15.4;
				MTL_ENABLE_DEBUG_INFO = INCLUDE_SOURCE;
				MTL_FAST_MATH = YES;
				ONLY_ACTIVE_ARCH = YES;
				SDKROOT = iphoneos;
				SWIFT_ACTIVE_COMPILATION_CONDITIONS = DEBUG;
				SWIFT_OPTIMIZATION_LEVEL = "-Onone";
			};
			name = Debug;
		};
		4080A2E1280EE00F00AA2DAB /* Release */ = {
			isa = XCBuildConfiguration;
			buildSettings = {
				ALWAYS_SEARCH_USER_PATHS = NO;
				CLANG_ANALYZER_NONNULL = YES;
				CLANG_ANALYZER_NUMBER_OBJECT_CONVERSION = YES_AGGRESSIVE;
				CLANG_CXX_LANGUAGE_STANDARD = "gnu++17";
				CLANG_ENABLE_MODULES = YES;
				CLANG_ENABLE_OBJC_ARC = YES;
				CLANG_ENABLE_OBJC_WEAK = YES;
				CLANG_WARN_BLOCK_CAPTURE_AUTORELEASING = YES;
				CLANG_WARN_BOOL_CONVERSION = YES;
				CLANG_WARN_COMMA = YES;
				CLANG_WARN_CONSTANT_CONVERSION = YES;
				CLANG_WARN_DEPRECATED_OBJC_IMPLEMENTATIONS = YES;
				CLANG_WARN_DIRECT_OBJC_ISA_USAGE = YES_ERROR;
				CLANG_WARN_DOCUMENTATION_COMMENTS = YES;
				CLANG_WARN_EMPTY_BODY = YES;
				CLANG_WARN_ENUM_CONVERSION = YES;
				CLANG_WARN_INFINITE_RECURSION = YES;
				CLANG_WARN_INT_CONVERSION = YES;
				CLANG_WARN_NON_LITERAL_NULL_CONVERSION = YES;
				CLANG_WARN_OBJC_IMPLICIT_RETAIN_SELF = YES;
				CLANG_WARN_OBJC_LITERAL_CONVERSION = YES;
				CLANG_WARN_OBJC_ROOT_CLASS = YES_ERROR;
				CLANG_WARN_QUOTED_INCLUDE_IN_FRAMEWORK_HEADER = YES;
				CLANG_WARN_RANGE_LOOP_ANALYSIS = YES;
				CLANG_WARN_STRICT_PROTOTYPES = YES;
				CLANG_WARN_SUSPICIOUS_MOVE = YES;
				CLANG_WARN_UNGUARDED_AVAILABILITY = YES_AGGRESSIVE;
				CLANG_WARN_UNREACHABLE_CODE = YES;
				CLANG_WARN__DUPLICATE_METHOD_MATCH = YES;
				COPY_PHASE_STRIP = NO;
				DEBUG_INFORMATION_FORMAT = "dwarf-with-dsym";
				ENABLE_NS_ASSERTIONS = NO;
				ENABLE_STRICT_OBJC_MSGSEND = YES;
				GCC_C_LANGUAGE_STANDARD = gnu11;
				GCC_NO_COMMON_BLOCKS = YES;
				GCC_WARN_64_TO_32_BIT_CONVERSION = YES;
				GCC_WARN_ABOUT_RETURN_TYPE = YES_ERROR;
				GCC_WARN_UNDECLARED_SELECTOR = YES;
				GCC_WARN_UNINITIALIZED_AUTOS = YES_AGGRESSIVE;
				GCC_WARN_UNUSED_FUNCTION = YES;
				GCC_WARN_UNUSED_VARIABLE = YES;
				IPHONEOS_DEPLOYMENT_TARGET = 15.4;
				MTL_ENABLE_DEBUG_INFO = NO;
				MTL_FAST_MATH = YES;
				SDKROOT = iphoneos;
				SWIFT_COMPILATION_MODE = wholemodule;
				SWIFT_OPTIMIZATION_LEVEL = "-O";
				VALIDATE_PRODUCT = YES;
			};
			name = Release;
		};
		4080A2E3280EE00F00AA2DAB /* Debug */ = {
			isa = XCBuildConfiguration;
			baseConfigurationReference = 41F09B13EE1172D38B1E6F46 /* Pods-Movielium.debug.xcconfig */;
			buildSettings = {
				ASSETCATALOG_COMPILER_APPICON_NAME = AppIcon;
				ASSETCATALOG_COMPILER_GLOBAL_ACCENT_COLOR_NAME = AccentColor;
				CODE_SIGN_STYLE = Automatic;
				CURRENT_PROJECT_VERSION = 1;
				DEVELOPMENT_TEAM = J3G3L895L8;
				GENERATE_INFOPLIST_FILE = YES;
				INFOPLIST_FILE = Movielium/Info.plist;
				INFOPLIST_KEY_UIApplicationSupportsIndirectInputEvents = YES;
				INFOPLIST_KEY_UILaunchStoryboardName = LaunchScreen;
				INFOPLIST_KEY_UISupportedInterfaceOrientations_iPad = "UIInterfaceOrientationPortrait UIInterfaceOrientationPortraitUpsideDown UIInterfaceOrientationLandscapeLeft UIInterfaceOrientationLandscapeRight";
				INFOPLIST_KEY_UISupportedInterfaceOrientations_iPhone = "UIInterfaceOrientationPortrait UIInterfaceOrientationLandscapeLeft UIInterfaceOrientationLandscapeRight";
				LD_RUNPATH_SEARCH_PATHS = (
					"$(inherited)",
					"@executable_path/Frameworks",
				);
				MARKETING_VERSION = 1.0;
				PRODUCT_BUNDLE_IDENTIFIER = com.nazmiyavuz.Movielium;
				PRODUCT_NAME = "$(TARGET_NAME)";
				SWIFT_EMIT_LOC_STRINGS = YES;
				SWIFT_VERSION = 5.0;
				TARGETED_DEVICE_FAMILY = "1,2";
			};
			name = Debug;
		};
		4080A2E4280EE00F00AA2DAB /* Release */ = {
			isa = XCBuildConfiguration;
			baseConfigurationReference = 7E8B6326041F9113D6F15763 /* Pods-Movielium.release.xcconfig */;
			buildSettings = {
				ASSETCATALOG_COMPILER_APPICON_NAME = AppIcon;
				ASSETCATALOG_COMPILER_GLOBAL_ACCENT_COLOR_NAME = AccentColor;
				CODE_SIGN_STYLE = Automatic;
				CURRENT_PROJECT_VERSION = 1;
				DEVELOPMENT_TEAM = J3G3L895L8;
				GENERATE_INFOPLIST_FILE = YES;
				INFOPLIST_FILE = Movielium/Info.plist;
				INFOPLIST_KEY_UIApplicationSupportsIndirectInputEvents = YES;
				INFOPLIST_KEY_UILaunchStoryboardName = LaunchScreen;
				INFOPLIST_KEY_UISupportedInterfaceOrientations_iPad = "UIInterfaceOrientationPortrait UIInterfaceOrientationPortraitUpsideDown UIInterfaceOrientationLandscapeLeft UIInterfaceOrientationLandscapeRight";
				INFOPLIST_KEY_UISupportedInterfaceOrientations_iPhone = "UIInterfaceOrientationPortrait UIInterfaceOrientationLandscapeLeft UIInterfaceOrientationLandscapeRight";
				LD_RUNPATH_SEARCH_PATHS = (
					"$(inherited)",
					"@executable_path/Frameworks",
				);
				MARKETING_VERSION = 1.0;
				PRODUCT_BUNDLE_IDENTIFIER = com.nazmiyavuz.Movielium;
				PRODUCT_NAME = "$(TARGET_NAME)";
				SWIFT_EMIT_LOC_STRINGS = YES;
				SWIFT_VERSION = 5.0;
				TARGETED_DEVICE_FAMILY = "1,2";
			};
			name = Release;
		};
/* End XCBuildConfiguration section */

/* Begin XCConfigurationList section */
		4080A2C9280EE00B00AA2DAB /* Build configuration list for PBXProject "Movielium" */ = {
			isa = XCConfigurationList;
			buildConfigurations = (
				4080A2E0280EE00F00AA2DAB /* Debug */,
				4080A2E1280EE00F00AA2DAB /* Release */,
			);
			defaultConfigurationIsVisible = 0;
			defaultConfigurationName = Release;
		};
		4080A2E2280EE00F00AA2DAB /* Build configuration list for PBXNativeTarget "Movielium" */ = {
			isa = XCConfigurationList;
			buildConfigurations = (
				4080A2E3280EE00F00AA2DAB /* Debug */,
				4080A2E4280EE00F00AA2DAB /* Release */,
			);
			defaultConfigurationIsVisible = 0;
			defaultConfigurationName = Release;
		};
/* End XCConfigurationList section */
	};
	rootObject = 4080A2C6280EE00B00AA2DAB /* Project object */;
}
