// !$*UTF8*$!
{
	archiveVersion = 1;
	classes = {
	};
	objectVersion = 55;
	objects = {

/* Begin PBXBuildFile section */
		4080A2D2280EE00B00AA2DAB /* AppDelegate.swift in Sources */ = {isa = PBXBuildFile; fileRef = 4080A2D1280EE00B00AA2DAB /* AppDelegate.swift */; };
		4080A2D4280EE00B00AA2DAB /* SceneDelegate.swift in Sources */ = {isa = PBXBuildFile; fileRef = 4080A2D3280EE00B00AA2DAB /* SceneDelegate.swift */; };
		4080A2D6280EE00B00AA2DAB /* MovieListViewController.swift in Sources */ = {isa = PBXBuildFile; fileRef = 4080A2D5280EE00B00AA2DAB /* MovieListViewController.swift */; };
		4080A2D9280EE00B00AA2DAB /* Main.storyboard in Resources */ = {isa = PBXBuildFile; fileRef = 4080A2D7280EE00B00AA2DAB /* Main.storyboard */; };
		4080A2DB280EE00F00AA2DAB /* Assets.xcassets in Resources */ = {isa = PBXBuildFile; fileRef = 4080A2DA280EE00F00AA2DAB /* Assets.xcassets */; };
		4080A2DE280EE00F00AA2DAB /* LaunchScreen.storyboard in Resources */ = {isa = PBXBuildFile; fileRef = 4080A2DC280EE00F00AA2DAB /* LaunchScreen.storyboard */; };
		4080A2F0280F1A9100AA2DAB /* Logger.swift in Sources */ = {isa = PBXBuildFile; fileRef = 4080A2EF280F1A9100AA2DAB /* Logger.swift */; };
		4080A2F2280F1B5600AA2DAB /* NibLoadable.swift in Sources */ = {isa = PBXBuildFile; fileRef = 4080A2F1280F1B5600AA2DAB /* NibLoadable.swift */; };
		4080A2F4280F1BC400AA2DAB /* Reusable.swift in Sources */ = {isa = PBXBuildFile; fileRef = 4080A2F3280F1BC400AA2DAB /* Reusable.swift */; };
		4080A2F6280F1DA900AA2DAB /* StoryboardLoadable.swift in Sources */ = {isa = PBXBuildFile; fileRef = 4080A2F5280F1DA900AA2DAB /* StoryboardLoadable.swift */; };
		4080A2F8280F240C00AA2DAB /* MainNavigator.swift in Sources */ = {isa = PBXBuildFile; fileRef = 4080A2F7280F240C00AA2DAB /* MainNavigator.swift */; };
		4080A2FB280F25A700AA2DAB /* AppNavigator.swift in Sources */ = {isa = PBXBuildFile; fileRef = 4080A2FA280F25A700AA2DAB /* AppNavigator.swift */; };
		4080A2FD280F291700AA2DAB /* MovieDetailViewController.swift in Sources */ = {isa = PBXBuildFile; fileRef = 4080A2FC280F291700AA2DAB /* MovieDetailViewController.swift */; };
		4080A2FF280F2E4100AA2DAB /* UITableView+Reusable.swift in Sources */ = {isa = PBXBuildFile; fileRef = 4080A2FE280F2E4100AA2DAB /* UITableView+Reusable.swift */; };
		4080A301280F2EB300AA2DAB /* UICollectionView+Reusable.swift in Sources */ = {isa = PBXBuildFile; fileRef = 4080A300280F2EB300AA2DAB /* UICollectionView+Reusable.swift */; };
/* End PBXBuildFile section */

/* Begin PBXFileReference section */
		4080A2CE280EE00B00AA2DAB /* Movielium.app */ = {isa = PBXFileReference; explicitFileType = wrapper.application; includeInIndex = 0; path = Movielium.app; sourceTree = BUILT_PRODUCTS_DIR; };
		4080A2D1280EE00B00AA2DAB /* AppDelegate.swift */ = {isa = PBXFileReference; lastKnownFileType = sourcecode.swift; path = AppDelegate.swift; sourceTree = "<group>"; };
		4080A2D3280EE00B00AA2DAB /* SceneDelegate.swift */ = {isa = PBXFileReference; lastKnownFileType = sourcecode.swift; path = SceneDelegate.swift; sourceTree = "<group>"; };
		4080A2D5280EE00B00AA2DAB /* MovieListViewController.swift */ = {isa = PBXFileReference; lastKnownFileType = sourcecode.swift; path = MovieListViewController.swift; sourceTree = "<group>"; };
		4080A2D8280EE00B00AA2DAB /* Base */ = {isa = PBXFileReference; lastKnownFileType = file.storyboard; name = Base; path = Base.lproj/Main.storyboard; sourceTree = "<group>"; };
		4080A2DA280EE00F00AA2DAB /* Assets.xcassets */ = {isa = PBXFileReference; lastKnownFileType = folder.assetcatalog; path = Assets.xcassets; sourceTree = "<group>"; };
		4080A2DD280EE00F00AA2DAB /* Base */ = {isa = PBXFileReference; lastKnownFileType = file.storyboard; name = Base; path = Base.lproj/LaunchScreen.storyboard; sourceTree = "<group>"; };
		4080A2DF280EE00F00AA2DAB /* Info.plist */ = {isa = PBXFileReference; lastKnownFileType = text.plist.xml; path = Info.plist; sourceTree = "<group>"; };
		4080A2EF280F1A9100AA2DAB /* Logger.swift */ = {isa = PBXFileReference; lastKnownFileType = sourcecode.swift; path = Logger.swift; sourceTree = "<group>"; };
		4080A2F1280F1B5600AA2DAB /* NibLoadable.swift */ = {isa = PBXFileReference; lastKnownFileType = sourcecode.swift; path = NibLoadable.swift; sourceTree = "<group>"; };
		4080A2F3280F1BC400AA2DAB /* Reusable.swift */ = {isa = PBXFileReference; lastKnownFileType = sourcecode.swift; path = Reusable.swift; sourceTree = "<group>"; };
		4080A2F5280F1DA900AA2DAB /* StoryboardLoadable.swift */ = {isa = PBXFileReference; lastKnownFileType = sourcecode.swift; path = StoryboardLoadable.swift; sourceTree = "<group>"; };
		4080A2F7280F240C00AA2DAB /* MainNavigator.swift */ = {isa = PBXFileReference; lastKnownFileType = sourcecode.swift; path = MainNavigator.swift; sourceTree = "<group>"; };
		4080A2FA280F25A700AA2DAB /* AppNavigator.swift */ = {isa = PBXFileReference; lastKnownFileType = sourcecode.swift; path = AppNavigator.swift; sourceTree = "<group>"; };
		4080A2FC280F291700AA2DAB /* MovieDetailViewController.swift */ = {isa = PBXFileReference; lastKnownFileType = sourcecode.swift; path = MovieDetailViewController.swift; sourceTree = "<group>"; };
		4080A2FE280F2E4100AA2DAB /* UITableView+Reusable.swift */ = {isa = PBXFileReference; lastKnownFileType = sourcecode.swift; path = "UITableView+Reusable.swift"; sourceTree = "<group>"; };
		4080A300280F2EB300AA2DAB /* UICollectionView+Reusable.swift */ = {isa = PBXFileReference; lastKnownFileType = sourcecode.swift; path = "UICollectionView+Reusable.swift"; sourceTree = "<group>"; };
/* End PBXFileReference section */

/* Begin PBXFrameworksBuildPhase section */
		4080A2CB280EE00B00AA2DAB /* Frameworks */ = {
			isa = PBXFrameworksBuildPhase;
			buildActionMask = 2147483647;
			files = (
			);
			runOnlyForDeploymentPostprocessing = 0;
		};
/* End PBXFrameworksBuildPhase section */

/* Begin PBXGroup section */
		4080A2C5280EE00B00AA2DAB = {
			isa = PBXGroup;
			children = (
				4080A2D0280EE00B00AA2DAB /* Movielium */,
				4080A2CF280EE00B00AA2DAB /* Products */,
			);
			sourceTree = "<group>";
		};
		4080A2CF280EE00B00AA2DAB /* Products */ = {
			isa = PBXGroup;
			children = (
				4080A2CE280EE00B00AA2DAB /* Movielium.app */,
			);
			name = Products;
			sourceTree = "<group>";
		};
		4080A2D0280EE00B00AA2DAB /* Movielium */ = {
			isa = PBXGroup;
			children = (
				4080A2DF280EE00F00AA2DAB /* Info.plist */,
				4080A2EA280F18D700AA2DAB /* Common */,
				4080A2E9280F18C400AA2DAB /* Utilities */,
				4080A2E8280F18BB00AA2DAB /* Models */,
				4080A2E7280F18AB00AA2DAB /* Services */,
				4080A2E6280F189A00AA2DAB /* Views */,
				4080A2E5280F187100AA2DAB /* Controllers */,
			);
			path = Movielium;
			sourceTree = "<group>";
		};
		4080A2E5280F187100AA2DAB /* Controllers */ = {
			isa = PBXGroup;
			children = (
				4080A2D5280EE00B00AA2DAB /* MovieListViewController.swift */,
				4080A2FC280F291700AA2DAB /* MovieDetailViewController.swift */,
			);
			path = Controllers;
			sourceTree = "<group>";
		};
		4080A2E6280F189A00AA2DAB /* Views */ = {
			isa = PBXGroup;
			children = (
				4080A303280F4A6B00AA2DAB /* Cells */,
				4080A302280F49C100AA2DAB /* Storyboards */,
			);
			path = Views;
			sourceTree = "<group>";
		};
		4080A2E7280F18AB00AA2DAB /* Services */ = {
			isa = PBXGroup;
			children = (
			);
			path = Services;
			sourceTree = "<group>";
		};
		4080A2E8280F18BB00AA2DAB /* Models */ = {
			isa = PBXGroup;
			children = (
			);
			path = Models;
			sourceTree = "<group>";
		};
		4080A2E9280F18C400AA2DAB /* Utilities */ = {
			isa = PBXGroup;
			children = (
				4080A2ED280F194C00AA2DAB /* Logger */,
				4080A2EE280F19C200AA2DAB /* Helpers */,
				4080A2EC280F194000AA2DAB /* Extensions */,
				4080A2F9280F258E00AA2DAB /* Navigator */,
				4080A2EB280F193800AA2DAB /* Protocol */,
			);
			path = Utilities;
			sourceTree = "<group>";
		};
		4080A2EA280F18D700AA2DAB /* Common */ = {
			isa = PBXGroup;
			children = (
				4080A2D1280EE00B00AA2DAB /* AppDelegate.swift */,
				4080A2D3280EE00B00AA2DAB /* SceneDelegate.swift */,
				4080A2DA280EE00F00AA2DAB /* Assets.xcassets */,
			);
			path = Common;
			sourceTree = "<group>";
		};
		4080A2EB280F193800AA2DAB /* Protocol */ = {
			isa = PBXGroup;
			children = (
				4080A2F1280F1B5600AA2DAB /* NibLoadable.swift */,
				4080A2F3280F1BC400AA2DAB /* Reusable.swift */,
				4080A2F5280F1DA900AA2DAB /* StoryboardLoadable.swift */,
				4080A2F7280F240C00AA2DAB /* MainNavigator.swift */,
			);
			path = Protocol;
			sourceTree = "<group>";
		};
		4080A2EC280F194000AA2DAB /* Extensions */ = {
			isa = PBXGroup;
			children = (
				4080A2FE280F2E4100AA2DAB /* UITableView+Reusable.swift */,
				4080A300280F2EB300AA2DAB /* UICollectionView+Reusable.swift */,
			);
			path = Extensions;
			sourceTree = "<group>";
		};
		4080A2ED280F194C00AA2DAB /* Logger */ = {
			isa = PBXGroup;
			children = (
				4080A2EF280F1A9100AA2DAB /* Logger.swift */,
			);
			path = Logger;
			sourceTree = "<group>";
		};
		4080A2EE280F19C200AA2DAB /* Helpers */ = {
			isa = PBXGroup;
			children = (
			);
			path = Helpers;
			sourceTree = "<group>";
		};
		4080A2F9280F258E00AA2DAB /* Navigator */ = {
			isa = PBXGroup;
			children = (
				4080A2FA280F25A700AA2DAB /* AppNavigator.swift */,
			);
			path = Navigator;
			sourceTree = "<group>";
		};
		4080A302280F49C100AA2DAB /* Storyboards */ = {
			isa = PBXGroup;
			children = (
				4080A2DC280EE00F00AA2DAB /* LaunchScreen.storyboard */,
				4080A2D7280EE00B00AA2DAB /* Main.storyboard */,
			);
			path = Storyboards;
			sourceTree = "<group>";
		};
		4080A303280F4A6B00AA2DAB /* Cells */ = {
			isa = PBXGroup;
			children = (
			);
			path = Cells;
			sourceTree = "<group>";
		};
/* End PBXGroup section */

/* Begin PBXNativeTarget section */
		4080A2CD280EE00B00AA2DAB /* Movielium */ = {
			isa = PBXNativeTarget;
			buildConfigurationList = 4080A2E2280EE00F00AA2DAB /* Build configuration list for PBXNativeTarget "Movielium" */;
			buildPhases = (
				4080A2CA280EE00B00AA2DAB /* Sources */,
				4080A2CB280EE00B00AA2DAB /* Frameworks */,
				4080A2CC280EE00B00AA2DAB /* Resources */,
			);
			buildRules = (
			);
			dependencies = (
			);
			name = Movielium;
			productName = Movielium;
			productReference = 4080A2CE280EE00B00AA2DAB /* Movielium.app */;
			productType = "com.apple.product-type.application";
		};
/* End PBXNativeTarget section */

/* Begin PBXProject section */
		4080A2C6280EE00B00AA2DAB /* Project object */ = {
			isa = PBXProject;
			attributes = {
				BuildIndependentTargetsInParallel = 1;
				LastSwiftUpdateCheck = 1330;
				LastUpgradeCheck = 1330;
				ORGANIZATIONNAME = "Nazmi Yavuz";
				TargetAttributes = {
					4080A2CD280EE00B00AA2DAB = {
						CreatedOnToolsVersion = 13.3.1;
					};
				};
			};
			buildConfigurationList = 4080A2C9280EE00B00AA2DAB /* Build configuration list for PBXProject "Movielium" */;
			compatibilityVersion = "Xcode 13.0";
			developmentRegion = en;
			hasScannedForEncodings = 0;
			knownRegions = (
				en,
				Base,
			);
			mainGroup = 4080A2C5280EE00B00AA2DAB;
			productRefGroup = 4080A2CF280EE00B00AA2DAB /* Products */;
			projectDirPath = "";
			projectRoot = "";
			targets = (
				4080A2CD280EE00B00AA2DAB /* Movielium */,
			);
		};
/* End PBXProject section */

/* Begin PBXResourcesBuildPhase section */
		4080A2CC280EE00B00AA2DAB /* Resources */ = {
			isa = PBXResourcesBuildPhase;
			buildActionMask = 2147483647;
			files = (
				4080A2DE280EE00F00AA2DAB /* LaunchScreen.storyboard in Resources */,
				4080A2DB280EE00F00AA2DAB /* Assets.xcassets in Resources */,
				4080A2D9280EE00B00AA2DAB /* Main.storyboard in Resources */,
			);
			runOnlyForDeploymentPostprocessing = 0;
		};
/* End PBXResourcesBuildPhase section */

/* Begin PBXSourcesBuildPhase section */
		4080A2CA280EE00B00AA2DAB /* Sources */ = {
			isa = PBXSourcesBuildPhase;
			buildActionMask = 2147483647;
			files = (
				4080A2F4280F1BC400AA2DAB /* Reusable.swift in Sources */,
				4080A2D6280EE00B00AA2DAB /* MovieListViewController.swift in Sources */,
				4080A301280F2EB300AA2DAB /* UICollectionView+Reusable.swift in Sources */,
				4080A2FB280F25A700AA2DAB /* AppNavigator.swift in Sources */,
				4080A2FF280F2E4100AA2DAB /* UITableView+Reusable.swift in Sources */,
				4080A2F6280F1DA900AA2DAB /* StoryboardLoadable.swift in Sources */,
				4080A2D2280EE00B00AA2DAB /* AppDelegate.swift in Sources */,
				4080A2D4280EE00B00AA2DAB /* SceneDelegate.swift in Sources */,
				4080A2FD280F291700AA2DAB /* MovieDetailViewController.swift in Sources */,
				4080A2F2280F1B5600AA2DAB /* NibLoadable.swift in Sources */,
				4080A2F8280F240C00AA2DAB /* MainNavigator.swift in Sources */,
				4080A2F0280F1A9100AA2DAB /* Logger.swift in Sources */,
			);
			runOnlyForDeploymentPostprocessing = 0;
		};
/* End PBXSourcesBuildPhase section */

/* Begin PBXVariantGroup section */
		4080A2D7280EE00B00AA2DAB /* Main.storyboard */ = {
			isa = PBXVariantGroup;
			children = (
				4080A2D8280EE00B00AA2DAB /* Base */,
			);
			name = Main.storyboard;
			sourceTree = "<group>";
		};
		4080A2DC280EE00F00AA2DAB /* LaunchScreen.storyboard */ = {
			isa = PBXVariantGroup;
			children = (
				4080A2DD280EE00F00AA2DAB /* Base */,
			);
			name = LaunchScreen.storyboard;
			sourceTree = "<group>";
		};
/* End PBXVariantGroup section */

/* Begin XCBuildConfiguration section */
		4080A2E0280EE00F00AA2DAB /* Debug */ = {
			isa = XCBuildConfiguration;
			buildSettings = {
				ALWAYS_SEARCH_USER_PATHS = NO;
				CLANG_ANALYZER_NONNULL = YES;
				CLANG_ANALYZER_NUMBER_OBJECT_CONVERSION = YES_AGGRESSIVE;
				CLANG_CXX_LANGUAGE_STANDARD = "gnu++17";
				CLANG_ENABLE_MODULES = YES;
				CLANG_ENABLE_OBJC_ARC = YES;
				CLANG_ENABLE_OBJC_WEAK = YES;
				CLANG_WARN_BLOCK_CAPTURE_AUTORELEASING = YES;
				CLANG_WARN_BOOL_CONVERSION = YES;
				CLANG_WARN_COMMA = YES;
				CLANG_WARN_CONSTANT_CONVERSION = YES;
				CLANG_WARN_DEPRECATED_OBJC_IMPLEMENTATIONS = YES;
				CLANG_WARN_DIRECT_OBJC_ISA_USAGE = YES_ERROR;
				CLANG_WARN_DOCUMENTATION_COMMENTS = YES;
				CLANG_WARN_EMPTY_BODY = YES;
				CLANG_WARN_ENUM_CONVERSION = YES;
				CLANG_WARN_INFINITE_RECURSION = YES;
				CLANG_WARN_INT_CONVERSION = YES;
				CLANG_WARN_NON_LITERAL_NULL_CONVERSION = YES;
				CLANG_WARN_OBJC_IMPLICIT_RETAIN_SELF = YES;
				CLANG_WARN_OBJC_LITERAL_CONVERSION = YES;
				CLANG_WARN_OBJC_ROOT_CLASS = YES_ERROR;
				CLANG_WARN_QUOTED_INCLUDE_IN_FRAMEWORK_HEADER = YES;
				CLANG_WARN_RANGE_LOOP_ANALYSIS = YES;
				CLANG_WARN_STRICT_PROTOTYPES = YES;
				CLANG_WARN_SUSPICIOUS_MOVE = YES;
				CLANG_WARN_UNGUARDED_AVAILABILITY = YES_AGGRESSIVE;
				CLANG_WARN_UNREACHABLE_CODE = YES;
				CLANG_WARN__DUPLICATE_METHOD_MATCH = YES;
				COPY_PHASE_STRIP = NO;
				DEBUG_INFORMATION_FORMAT = dwarf;
				ENABLE_STRICT_OBJC_MSGSEND = YES;
				ENABLE_TESTABILITY = YES;
				GCC_C_LANGUAGE_STANDARD = gnu11;
				GCC_DYNAMIC_NO_PIC = NO;
				GCC_NO_COMMON_BLOCKS = YES;
				GCC_OPTIMIZATION_LEVEL = 0;
				GCC_PREPROCESSOR_DEFINITIONS = (
					"DEBUG=1",
					"$(inherited)",
				);
				GCC_WARN_64_TO_32_BIT_CONVERSION = YES;
				GCC_WARN_ABOUT_RETURN_TYPE = YES_ERROR;
				GCC_WARN_UNDECLARED_SELECTOR = YES;
				GCC_WARN_UNINITIALIZED_AUTOS = YES_AGGRESSIVE;
				GCC_WARN_UNUSED_FUNCTION = YES;
				GCC_WARN_UNUSED_VARIABLE = YES;
				IPHONEOS_DEPLOYMENT_TARGET = 15.4;
				MTL_ENABLE_DEBUG_INFO = INCLUDE_SOURCE;
				MTL_FAST_MATH = YES;
				ONLY_ACTIVE_ARCH = YES;
				SDKROOT = iphoneos;
				SWIFT_ACTIVE_COMPILATION_CONDITIONS = DEBUG;
				SWIFT_OPTIMIZATION_LEVEL = "-Onone";
			};
			name = Debug;
		};
		4080A2E1280EE00F00AA2DAB /* Release */ = {
			isa = XCBuildConfiguration;
			buildSettings = {
				ALWAYS_SEARCH_USER_PATHS = NO;
				CLANG_ANALYZER_NONNULL = YES;
				CLANG_ANALYZER_NUMBER_OBJECT_CONVERSION = YES_AGGRESSIVE;
				CLANG_CXX_LANGUAGE_STANDARD = "gnu++17";
				CLANG_ENABLE_MODULES = YES;
				CLANG_ENABLE_OBJC_ARC = YES;
				CLANG_ENABLE_OBJC_WEAK = YES;
				CLANG_WARN_BLOCK_CAPTURE_AUTORELEASING = YES;
				CLANG_WARN_BOOL_CONVERSION = YES;
				CLANG_WARN_COMMA = YES;
				CLANG_WARN_CONSTANT_CONVERSION = YES;
				CLANG_WARN_DEPRECATED_OBJC_IMPLEMENTATIONS = YES;
				CLANG_WARN_DIRECT_OBJC_ISA_USAGE = YES_ERROR;
				CLANG_WARN_DOCUMENTATION_COMMENTS = YES;
				CLANG_WARN_EMPTY_BODY = YES;
				CLANG_WARN_ENUM_CONVERSION = YES;
				CLANG_WARN_INFINITE_RECURSION = YES;
				CLANG_WARN_INT_CONVERSION = YES;
				CLANG_WARN_NON_LITERAL_NULL_CONVERSION = YES;
				CLANG_WARN_OBJC_IMPLICIT_RETAIN_SELF = YES;
				CLANG_WARN_OBJC_LITERAL_CONVERSION = YES;
				CLANG_WARN_OBJC_ROOT_CLASS = YES_ERROR;
				CLANG_WARN_QUOTED_INCLUDE_IN_FRAMEWORK_HEADER = YES;
				CLANG_WARN_RANGE_LOOP_ANALYSIS = YES;
				CLANG_WARN_STRICT_PROTOTYPES = YES;
				CLANG_WARN_SUSPICIOUS_MOVE = YES;
				CLANG_WARN_UNGUARDED_AVAILABILITY = YES_AGGRESSIVE;
				CLANG_WARN_UNREACHABLE_CODE = YES;
				CLANG_WARN__DUPLICATE_METHOD_MATCH = YES;
				COPY_PHASE_STRIP = NO;
				DEBUG_INFORMATION_FORMAT = "dwarf-with-dsym";
				ENABLE_NS_ASSERTIONS = NO;
				ENABLE_STRICT_OBJC_MSGSEND = YES;
				GCC_C_LANGUAGE_STANDARD = gnu11;
				GCC_NO_COMMON_BLOCKS = YES;
				GCC_WARN_64_TO_32_BIT_CONVERSION = YES;
				GCC_WARN_ABOUT_RETURN_TYPE = YES_ERROR;
				GCC_WARN_UNDECLARED_SELECTOR = YES;
				GCC_WARN_UNINITIALIZED_AUTOS = YES_AGGRESSIVE;
				GCC_WARN_UNUSED_FUNCTION = YES;
				GCC_WARN_UNUSED_VARIABLE = YES;
				IPHONEOS_DEPLOYMENT_TARGET = 15.4;
				MTL_ENABLE_DEBUG_INFO = NO;
				MTL_FAST_MATH = YES;
				SDKROOT = iphoneos;
				SWIFT_COMPILATION_MODE = wholemodule;
				SWIFT_OPTIMIZATION_LEVEL = "-O";
				VALIDATE_PRODUCT = YES;
			};
			name = Release;
		};
		4080A2E3280EE00F00AA2DAB /* Debug */ = {
			isa = XCBuildConfiguration;
			buildSettings = {
				ASSETCATALOG_COMPILER_APPICON_NAME = AppIcon;
				ASSETCATALOG_COMPILER_GLOBAL_ACCENT_COLOR_NAME = AccentColor;
				CODE_SIGN_STYLE = Automatic;
				CURRENT_PROJECT_VERSION = 1;
				DEVELOPMENT_TEAM = J3G3L895L8;
				GENERATE_INFOPLIST_FILE = YES;
				INFOPLIST_FILE = Movielium/Info.plist;
				INFOPLIST_KEY_UIApplicationSupportsIndirectInputEvents = YES;
				INFOPLIST_KEY_UILaunchStoryboardName = LaunchScreen;
				INFOPLIST_KEY_UISupportedInterfaceOrientations_iPad = "UIInterfaceOrientationPortrait UIInterfaceOrientationPortraitUpsideDown UIInterfaceOrientationLandscapeLeft UIInterfaceOrientationLandscapeRight";
				INFOPLIST_KEY_UISupportedInterfaceOrientations_iPhone = "UIInterfaceOrientationPortrait UIInterfaceOrientationLandscapeLeft UIInterfaceOrientationLandscapeRight";
				LD_RUNPATH_SEARCH_PATHS = (
					"$(inherited)",
					"@executable_path/Frameworks",
				);
				MARKETING_VERSION = 1.0;
				PRODUCT_BUNDLE_IDENTIFIER = com.nazmiyavuz.Movielium;
				PRODUCT_NAME = "$(TARGET_NAME)";
				SWIFT_EMIT_LOC_STRINGS = YES;
				SWIFT_VERSION = 5.0;
				TARGETED_DEVICE_FAMILY = "1,2";
			};
			name = Debug;
		};
		4080A2E4280EE00F00AA2DAB /* Release */ = {
			isa = XCBuildConfiguration;
			buildSettings = {
				ASSETCATALOG_COMPILER_APPICON_NAME = AppIcon;
				ASSETCATALOG_COMPILER_GLOBAL_ACCENT_COLOR_NAME = AccentColor;
				CODE_SIGN_STYLE = Automatic;
				CURRENT_PROJECT_VERSION = 1;
				DEVELOPMENT_TEAM = J3G3L895L8;
				GENERATE_INFOPLIST_FILE = YES;
				INFOPLIST_FILE = Movielium/Info.plist;
				INFOPLIST_KEY_UIApplicationSupportsIndirectInputEvents = YES;
				INFOPLIST_KEY_UILaunchStoryboardName = LaunchScreen;
				INFOPLIST_KEY_UISupportedInterfaceOrientations_iPad = "UIInterfaceOrientationPortrait UIInterfaceOrientationPortraitUpsideDown UIInterfaceOrientationLandscapeLeft UIInterfaceOrientationLandscapeRight";
				INFOPLIST_KEY_UISupportedInterfaceOrientations_iPhone = "UIInterfaceOrientationPortrait UIInterfaceOrientationLandscapeLeft UIInterfaceOrientationLandscapeRight";
				LD_RUNPATH_SEARCH_PATHS = (
					"$(inherited)",
					"@executable_path/Frameworks",
				);
				MARKETING_VERSION = 1.0;
				PRODUCT_BUNDLE_IDENTIFIER = com.nazmiyavuz.Movielium;
				PRODUCT_NAME = "$(TARGET_NAME)";
				SWIFT_EMIT_LOC_STRINGS = YES;
				SWIFT_VERSION = 5.0;
				TARGETED_DEVICE_FAMILY = "1,2";
			};
			name = Release;
		};
/* End XCBuildConfiguration section */

/* Begin XCConfigurationList section */
		4080A2C9280EE00B00AA2DAB /* Build configuration list for PBXProject "Movielium" */ = {
			isa = XCConfigurationList;
			buildConfigurations = (
				4080A2E0280EE00F00AA2DAB /* Debug */,
				4080A2E1280EE00F00AA2DAB /* Release */,
			);
			defaultConfigurationIsVisible = 0;
			defaultConfigurationName = Release;
		};
		4080A2E2280EE00F00AA2DAB /* Build configuration list for PBXNativeTarget "Movielium" */ = {
			isa = XCConfigurationList;
			buildConfigurations = (
				4080A2E3280EE00F00AA2DAB /* Debug */,
				4080A2E4280EE00F00AA2DAB /* Release */,
			);
			defaultConfigurationIsVisible = 0;
			defaultConfigurationName = Release;
		};
/* End XCConfigurationList section */
	};
	rootObject = 4080A2C6280EE00B00AA2DAB /* Project object */;
}
